// !$*UTF8*$!
{
	archiveVersion = 1;
	classes = {
	};
	objectVersion = 77;
	objects = {

/* Begin PBXBuildFile section */
		E2495C142E2E6BDA008E499F /* MetalKit.framework in Frameworks */ = {isa = PBXBuildFile; fileRef = E2495C122E2E63F5008E499F /* MetalKit.framework */; };
/* End PBXBuildFile section */

/* Begin PBXContainerItemProxy section */
		E2495BE12E2E6195008E499F /* PBXContainerItemProxy */ = {
			isa = PBXContainerItemProxy;
			containerPortal = E2495BC72E2E6194008E499F /* Project object */;
			proxyType = 1;
			remoteGlobalIDString = E2495BCE2E2E6194008E499F;
			remoteInfo = HelpMeSign;
		};
		E2495BEB2E2E6195008E499F /* PBXContainerItemProxy */ = {
			isa = PBXContainerItemProxy;
			containerPortal = E2495BC72E2E6194008E499F /* Project object */;
			proxyType = 1;
			remoteGlobalIDString = E2495BCE2E2E6194008E499F;
			remoteInfo = HelpMeSign;
		};
/* End PBXContainerItemProxy section */

/* Begin PBXFileReference section */
		E2495BCF2E2E6194008E499F /* HelpMeSign.app */ = {isa = PBXFileReference; explicitFileType = wrapper.application; includeInIndex = 0; path = HelpMeSign.app; sourceTree = BUILT_PRODUCTS_DIR; };
		E2495BE02E2E6195008E499F /* HelpMeSignTests.xctest */ = {isa = PBXFileReference; explicitFileType = wrapper.cfbundle; includeInIndex = 0; path = HelpMeSignTests.xctest; sourceTree = BUILT_PRODUCTS_DIR; };
		E2495BEA2E2E6195008E499F /* HelpMeSignUITests.xctest */ = {isa = PBXFileReference; explicitFileType = wrapper.cfbundle; includeInIndex = 0; path = HelpMeSignUITests.xctest; sourceTree = BUILT_PRODUCTS_DIR; };
		E2495C122E2E63F5008E499F /* MetalKit.framework */ = {isa = PBXFileReference; lastKnownFileType = wrapper.framework; name = MetalKit.framework; path = System/Library/Frameworks/MetalKit.framework; sourceTree = SDKROOT; };
/* End PBXFileReference section */

/* Begin PBXFileSystemSynchronizedRootGroup section */
		E2495BD12E2E6194008E499F /* HelpMeSign */ = {
			isa = PBXFileSystemSynchronizedRootGroup;
			path = HelpMeSign;
			sourceTree = "<group>";
		};
		E2495BE32E2E6195008E499F /* Tests */ = {
			isa = PBXFileSystemSynchronizedRootGroup;
			path = Tests;
			sourceTree = "<group>";
		};
		E2495BED2E2E6195008E499F /* HelpMeSignUITests */ = {
			isa = PBXFileSystemSynchronizedRootGroup;
			path = HelpMeSignUITests;
			sourceTree = "<group>";
		};
/* End PBXFileSystemSynchronizedRootGroup section */

/* Begin PBXFrameworksBuildPhase section */
		E2495BCC2E2E6194008E499F /* Frameworks */ = {
			isa = PBXFrameworksBuildPhase;
			buildActionMask = 2147483647;
			files = (
				E2495C142E2E6BDA008E499F /* MetalKit.framework in Frameworks */,
			);
			runOnlyForDeploymentPostprocessing = 0;
		};
		E2495BDD2E2E6195008E499F /* Frameworks */ = {
			isa = PBXFrameworksBuildPhase;
			buildActionMask = 2147483647;
			files = (
			);
			runOnlyForDeploymentPostprocessing = 0;
		};
		E2495BE72E2E6195008E499F /* Frameworks */ = {
			isa = PBXFrameworksBuildPhase;
			buildActionMask = 2147483647;
			files = (
			);
			runOnlyForDeploymentPostprocessing = 0;
		};
/* End PBXFrameworksBuildPhase section */

/* Begin PBXGroup section */
		E2495BC62E2E6194008E499F = {
			isa = PBXGroup;
			children = (
				E2495BD12E2E6194008E499F /* HelpMeSign */,
				E2495BE32E2E6195008E499F /* Tests */,
				E2495BED2E2E6195008E499F /* HelpMeSignUITests */,
				E2495C112E2E63F5008E499F /* Frameworks */,
				E2495BD02E2E6194008E499F /* Products */,
			);
			sourceTree = "<group>";
		};
		E2495BD02E2E6194008E499F /* Products */ = {
			isa = PBXGroup;
			children = (
				E2495BCF2E2E6194008E499F /* HelpMeSign.app */,
				E2495BE02E2E6195008E499F /* HelpMeSignTests.xctest */,
				E2495BEA2E2E6195008E499F /* HelpMeSignUITests.xctest */,
			);
			name = Products;
			sourceTree = "<group>";
		};
		E2495C112E2E63F5008E499F /* Frameworks */ = {
			isa = PBXGroup;
			children = (
				E2495C122E2E63F5008E499F /* MetalKit.framework */,
			);
			name = Frameworks;
			sourceTree = "<group>";
		};
/* End PBXGroup section */

/* Begin PBXNativeTarget section */
		E2495BCE2E2E6194008E499F /* HelpMeSign */ = {
			isa = PBXNativeTarget;
			buildConfigurationList = E2495BF42E2E6195008E499F /* Build configuration list for PBXNativeTarget "HelpMeSign" */;
			buildPhases = (
				E2495BCB2E2E6194008E499F /* Sources */,
				E2495BCC2E2E6194008E499F /* Frameworks */,
				E2495BCD2E2E6194008E499F /* Resources */,
			);
			buildRules = (
			);
			dependencies = (
			);
			fileSystemSynchronizedGroups = (
				E2495BD12E2E6194008E499F /* HelpMeSign */,
			);
			name = HelpMeSign;
			packageProductDependencies = (
			);
			productName = HelpMeSign;
			productReference = E2495BCF2E2E6194008E499F /* HelpMeSign.app */;
			productType = "com.apple.product-type.application";
		};
		E2495BDF2E2E6195008E499F /* HelpMeSignTests */ = {
			isa = PBXNativeTarget;
			buildConfigurationList = E2495BF72E2E6195008E499F /* Build configuration list for PBXNativeTarget "HelpMeSignTests" */;
			buildPhases = (
				E2495BDC2E2E6195008E499F /* Sources */,
				E2495BDD2E2E6195008E499F /* Frameworks */,
				E2495BDE2E2E6195008E499F /* Resources */,
			);
			buildRules = (
			);
			dependencies = (
				E2495BE22E2E6195008E499F /* PBXTargetDependency */,
			);
			fileSystemSynchronizedGroups = (
				E2495BE32E2E6195008E499F /* Tests */,
			);
			name = HelpMeSignTests;
			packageProductDependencies = (
			);
			productName = HelpMeSignTests;
			productReference = E2495BE02E2E6195008E499F /* HelpMeSignTests.xctest */;
			productType = "com.apple.product-type.bundle.unit-test";
		};
		E2495BE92E2E6195008E499F /* HelpMeSignUITests */ = {
			isa = PBXNativeTarget;
			buildConfigurationList = E2495BFA2E2E6195008E499F /* Build configuration list for PBXNativeTarget "HelpMeSignUITests" */;
			buildPhases = (
				E2495BE62E2E6195008E499F /* Sources */,
				E2495BE72E2E6195008E499F /* Frameworks */,
				E2495BE82E2E6195008E499F /* Resources */,
			);
			buildRules = (
			);
			dependencies = (
				E2495BEC2E2E6195008E499F /* PBXTargetDependency */,
			);
			fileSystemSynchronizedGroups = (
				E2495BED2E2E6195008E499F /* HelpMeSignUITests */,
			);
			name = HelpMeSignUITests;
			packageProductDependencies = (
			);
			productName = HelpMeSignUITests;
			productReference = E2495BEA2E2E6195008E499F /* HelpMeSignUITests.xctest */;
			productType = "com.apple.product-type.bundle.ui-testing";
		};
/* End PBXNativeTarget section */

/* Begin PBXProject section */
		E2495BC72E2E6194008E499F /* Project object */ = {
			isa = PBXProject;
			attributes = {
				BuildIndependentTargetsInParallel = 1;
				LastSwiftUpdateCheck = 1640;
				LastUpgradeCheck = 1640;
				TargetAttributes = {
					E2495BCE2E2E6194008E499F = {
						CreatedOnToolsVersion = 16.4;
					};
					E2495BDF2E2E6195008E499F = {
						CreatedOnToolsVersion = 16.4;
						TestTargetID = E2495BCE2E2E6194008E499F;
					};
					E2495BE92E2E6195008E499F = {
						CreatedOnToolsVersion = 16.4;
						TestTargetID = E2495BCE2E2E6194008E499F;
					};
				};
			};
			buildConfigurationList = E2495BCA2E2E6194008E499F /* Build configuration list for PBXProject "HelpMeSign" */;
			developmentRegion = en;
			hasScannedForEncodings = 0;
			knownRegions = (
				en,
				Base,
			);
			mainGroup = E2495BC62E2E6194008E499F;
			minimizedProjectReferenceProxies = 1;
			packageReferences = (
			);
			preferredProjectObjectVersion = 77;
			productRefGroup = E2495BD02E2E6194008E499F /* Products */;
			projectDirPath = "";
			projectRoot = "";
			targets = (
				E2495BCE2E2E6194008E499F /* HelpMeSign */,
				E2495BDF2E2E6195008E499F /* HelpMeSignTests */,
				E2495BE92E2E6195008E499F /* HelpMeSignUITests */,
			);
		};
/* End PBXProject section */

/* Begin PBXResourcesBuildPhase section */
		E2495BCD2E2E6194008E499F /* Resources */ = {
			isa = PBXResourcesBuildPhase;
			buildActionMask = 2147483647;
			files = (
			);
			runOnlyForDeploymentPostprocessing = 0;
		};
		E2495BDE2E2E6195008E499F /* Resources */ = {
			isa = PBXResourcesBuildPhase;
			buildActionMask = 2147483647;
			files = (
			);
			runOnlyForDeploymentPostprocessing = 0;
		};
		E2495BE82E2E6195008E499F /* Resources */ = {
			isa = PBXResourcesBuildPhase;
			buildActionMask = 2147483647;
			files = (
			);
			runOnlyForDeploymentPostprocessing = 0;
		};
/* End PBXResourcesBuildPhase section */

/* Begin PBXSourcesBuildPhase section */
		E2495BCB2E2E6194008E499F /* Sources */ = {
			isa = PBXSourcesBuildPhase;
			buildActionMask = 2147483647;
			files = (
			);
			runOnlyForDeploymentPostprocessing = 0;
		};
		E2495BDC2E2E6195008E499F /* Sources */ = {
			isa = PBXSourcesBuildPhase;
			buildActionMask = 2147483647;
			files = (
			);
			runOnlyForDeploymentPostprocessing = 0;
		};
		E2495BE62E2E6195008E499F /* Sources */ = {
			isa = PBXSourcesBuildPhase;
			buildActionMask = 2147483647;
			files = (
			);
			runOnlyForDeploymentPostprocessing = 0;
		};
/* End PBXSourcesBuildPhase section */

/* Begin PBXTargetDependency section */
		E2495BE22E2E6195008E499F /* PBXTargetDependency */ = {
			isa = PBXTargetDependency;
			target = E2495BCE2E2E6194008E499F /* HelpMeSign */;
			targetProxy = E2495BE12E2E6195008E499F /* PBXContainerItemProxy */;
		};
		E2495BEC2E2E6195008E499F /* PBXTargetDependency */ = {
			isa = PBXTargetDependency;
			target = E2495BCE2E2E6194008E499F /* HelpMeSign */;
			targetProxy = E2495BEB2E2E6195008E499F /* PBXContainerItemProxy */;
		};
/* End PBXTargetDependency section */

/* Begin XCBuildConfiguration section */
		E2495BF22E2E6195008E499F /* Debug */ = {
			isa = XCBuildConfiguration;
			buildSettings = {
				ALWAYS_SEARCH_USER_PATHS = NO;
				ASSETCATALOG_COMPILER_GENERATE_SWIFT_ASSET_SYMBOL_EXTENSIONS = YES;
				CLANG_ANALYZER_NONNULL = YES;
				CLANG_ANALYZER_NUMBER_OBJECT_CONVERSION = YES_AGGRESSIVE;
				CLANG_CXX_LANGUAGE_STANDARD = "gnu++20";
				CLANG_ENABLE_MODULES = YES;
				CLANG_ENABLE_OBJC_ARC = YES;
				CLANG_ENABLE_OBJC_WEAK = YES;
				CLANG_WARN_BLOCK_CAPTURE_AUTORELEASING = YES;
				CLANG_WARN_BOOL_CONVERSION = YES;
				CLANG_WARN_COMMA = YES;
				CLANG_WARN_CONSTANT_CONVERSION = YES;
				CLANG_WARN_DEPRECATED_OBJC_IMPLEMENTATIONS = YES;
				CLANG_WARN_DIRECT_OBJC_ISA_USAGE = YES_ERROR;
				CLANG_WARN_DOCUMENTATION_COMMENTS = YES;
				CLANG_WARN_EMPTY_BODY = YES;
				CLANG_WARN_ENUM_CONVERSION = YES;
				CLANG_WARN_INFINITE_RECURSION = YES;
				CLANG_WARN_INT_CONVERSION = YES;
				CLANG_WARN_NON_LITERAL_NULL_CONVERSION = YES;
				CLANG_WARN_OBJC_IMPLICIT_RETAIN_SELF = YES;
				CLANG_WARN_OBJC_LITERAL_CONVERSION = YES;
				CLANG_WARN_OBJC_ROOT_CLASS = YES_ERROR;
				CLANG_WARN_QUOTED_INCLUDE_IN_FRAMEWORK_HEADER = YES;
				CLANG_WARN_RANGE_LOOP_ANALYSIS = YES;
				CLANG_WARN_STRICT_PROTOTYPES = YES;
				CLANG_WARN_SUSPICIOUS_MOVE = YES;
				CLANG_WARN_UNGUARDED_AVAILABILITY = YES_AGGRESSIVE;
				CLANG_WARN_UNREACHABLE_CODE = YES;
				CLANG_WARN__DUPLICATE_METHOD_MATCH = YES;
				COPY_PHASE_STRIP = NO;
				DEBUG_INFORMATION_FORMAT = dwarf;
				DEVELOPMENT_TEAM = 3V7GDR4KDD;
				ENABLE_STRICT_OBJC_MSGSEND = YES;
				ENABLE_TESTABILITY = YES;
				ENABLE_USER_SCRIPT_SANDBOXING = YES;
				GCC_C_LANGUAGE_STANDARD = gnu17;
				GCC_DYNAMIC_NO_PIC = NO;
				GCC_NO_COMMON_BLOCKS = YES;
				GCC_OPTIMIZATION_LEVEL = 0;
				GCC_PREPROCESSOR_DEFINITIONS = (
					"DEBUG=1",
					"$(inherited)",
				);
				GCC_WARN_64_TO_32_BIT_CONVERSION = YES;
				GCC_WARN_ABOUT_RETURN_TYPE = YES_ERROR;
				GCC_WARN_UNDECLARED_SELECTOR = YES;
				GCC_WARN_UNINITIALIZED_AUTOS = YES_AGGRESSIVE;
				GCC_WARN_UNUSED_FUNCTION = YES;
				GCC_WARN_UNUSED_VARIABLE = YES;
				LOCALIZATION_PREFERS_STRING_CATALOGS = YES;
				MACOSX_DEPLOYMENT_TARGET = 15.5;
				MTL_ENABLE_DEBUG_INFO = INCLUDE_SOURCE;
				MTL_FAST_MATH = YES;
				ONLY_ACTIVE_ARCH = YES;
				SDKROOT = macosx;
				SWIFT_ACTIVE_COMPILATION_CONDITIONS = "DEBUG $(inherited)";
				SWIFT_OPTIMIZATION_LEVEL = "-Onone";
			};
			name = Debug;
		};
		E2495BF32E2E6195008E499F /* Release */ = {
			isa = XCBuildConfiguration;
			buildSettings = {
				ALWAYS_SEARCH_USER_PATHS = NO;
				ASSETCATALOG_COMPILER_GENERATE_SWIFT_ASSET_SYMBOL_EXTENSIONS = YES;
				CLANG_ANALYZER_NONNULL = YES;
				CLANG_ANALYZER_NUMBER_OBJECT_CONVERSION = YES_AGGRESSIVE;
				CLANG_CXX_LANGUAGE_STANDARD = "gnu++20";
				CLANG_ENABLE_MODULES = YES;
				CLANG_ENABLE_OBJC_ARC = YES;
				CLANG_ENABLE_OBJC_WEAK = YES;
				CLANG_WARN_BLOCK_CAPTURE_AUTORELEASING = YES;
				CLANG_WARN_BOOL_CONVERSION = YES;
				CLANG_WARN_COMMA = YES;
				CLANG_WARN_CONSTANT_CONVERSION = YES;
				CLANG_WARN_DEPRECATED_OBJC_IMPLEMENTATIONS = YES;
				CLANG_WARN_DIRECT_OBJC_ISA_USAGE = YES_ERROR;
				CLANG_WARN_DOCUMENTATION_COMMENTS = YES;
				CLANG_WARN_EMPTY_BODY = YES;
				CLANG_WARN_ENUM_CONVERSION = YES;
				CLANG_WARN_INFINITE_RECURSION = YES;
				CLANG_WARN_INT_CONVERSION = YES;
				CLANG_WARN_NON_LITERAL_NULL_CONVERSION = YES;
				CLANG_WARN_OBJC_IMPLICIT_RETAIN_SELF = YES;
				CLANG_WARN_OBJC_LITERAL_CONVERSION = YES;
				CLANG_WARN_OBJC_ROOT_CLASS = YES_ERROR;
				CLANG_WARN_QUOTED_INCLUDE_IN_FRAMEWORK_HEADER = YES;
				CLANG_WARN_RANGE_LOOP_ANALYSIS = YES;
				CLANG_WARN_STRICT_PROTOTYPES = YES;
				CLANG_WARN_SUSPICIOUS_MOVE = YES;
				CLANG_WARN_UNGUARDED_AVAILABILITY = YES_AGGRESSIVE;
				CLANG_WARN_UNREACHABLE_CODE = YES;
				CLANG_WARN__DUPLICATE_METHOD_MATCH = YES;
				COPY_PHASE_STRIP = NO;
				DEBUG_INFORMATION_FORMAT = "dwarf-with-dsym";
				DEVELOPMENT_TEAM = 3V7GDR4KDD;
				ENABLE_NS_ASSERTIONS = NO;
				ENABLE_STRICT_OBJC_MSGSEND = YES;
				ENABLE_USER_SCRIPT_SANDBOXING = YES;
				GCC_C_LANGUAGE_STANDARD = gnu17;
				GCC_NO_COMMON_BLOCKS = YES;
				GCC_WARN_64_TO_32_BIT_CONVERSION = YES;
				GCC_WARN_ABOUT_RETURN_TYPE = YES_ERROR;
				GCC_WARN_UNDECLARED_SELECTOR = YES;
				GCC_WARN_UNINITIALIZED_AUTOS = YES_AGGRESSIVE;
				GCC_WARN_UNUSED_FUNCTION = YES;
				GCC_WARN_UNUSED_VARIABLE = YES;
				LOCALIZATION_PREFERS_STRING_CATALOGS = YES;
				MACOSX_DEPLOYMENT_TARGET = 15.5;
				MTL_ENABLE_DEBUG_INFO = NO;
				MTL_FAST_MATH = YES;
				SDKROOT = macosx;
				SWIFT_COMPILATION_MODE = wholemodule;
			};
			name = Release;
		};
		E2495BF52E2E6195008E499F /* Debug */ = {
			isa = XCBuildConfiguration;
			buildSettings = {
				ASSETCATALOG_COMPILER_APPICON_NAME = AppIcon;
				ASSETCATALOG_COMPILER_GLOBAL_ACCENT_COLOR_NAME = AccentColor;
				ASSETCATALOG_COMPILER_INCLUDE_ALL_APPICON_ASSETS = YES;
				CODE_SIGN_ENTITLEMENTS = HelpMeSign/HelpMeSign.entitlements;
				CODE_SIGN_STYLE = Automatic;
				COMBINE_HIDPI_IMAGES = YES;
				CURRENT_PROJECT_VERSION = 1;
				DEVELOPMENT_ASSET_PATHS = HelpMeSign/Resources/Assets.xcassets;
				DEVELOPMENT_TEAM = 3V7GDR4KDD;
				ENABLE_HARDENED_RUNTIME = YES;
				ENABLE_RESOURCE_ACCESS_AUDIO_INPUT = YES;
				ENABLE_RESOURCE_ACCESS_CAMERA = YES;
				GENERATE_INFOPLIST_FILE = YES;
				INFOPLIST_KEY_LSApplicationCategoryType = "public.app-category.education";
				INFOPLIST_KEY_NSHumanReadableCopyright = "";
				INFOPLIST_KEY_NSMainStoryboardFile = Main;
				INFOPLIST_KEY_NSPrincipalClass = NSApplication;
				LD_RUNPATH_SEARCH_PATHS = (
					"$(inherited)",
					"@executable_path/../Frameworks",
				);
				MACOSX_DEPLOYMENT_TARGET = 15.0;
				MARKETING_VERSION = 1.0;
				PRODUCT_BUNDLE_IDENTIFIER = club.cycleruncode.HelpMeSign;
				PRODUCT_NAME = "$(TARGET_NAME)";
				REGISTER_APP_GROUPS = YES;
				SWIFT_EMIT_LOC_STRINGS = YES;
				SWIFT_VERSION = 5.0;
			};
			name = Debug;
		};
		E2495BF62E2E6195008E499F /* Release */ = {
			isa = XCBuildConfiguration;
			buildSettings = {
				ASSETCATALOG_COMPILER_APPICON_NAME = AppIcon;
				ASSETCATALOG_COMPILER_GLOBAL_ACCENT_COLOR_NAME = AccentColor;
				ASSETCATALOG_COMPILER_INCLUDE_ALL_APPICON_ASSETS = YES;
				CODE_SIGN_ENTITLEMENTS = HelpMeSign/HelpMeSign.entitlements;
				CODE_SIGN_STYLE = Automatic;
				COMBINE_HIDPI_IMAGES = YES;
				CURRENT_PROJECT_VERSION = 1;
				DEVELOPMENT_ASSET_PATHS = HelpMeSign/Resources/Assets.xcassets;
				DEVELOPMENT_TEAM = 3V7GDR4KDD;
				ENABLE_HARDENED_RUNTIME = YES;
				ENABLE_RESOURCE_ACCESS_AUDIO_INPUT = YES;
				ENABLE_RESOURCE_ACCESS_CAMERA = YES;
				GENERATE_INFOPLIST_FILE = YES;
				INFOPLIST_KEY_LSApplicationCategoryType = "public.app-category.education";
				INFOPLIST_KEY_NSHumanReadableCopyright = "";
				INFOPLIST_KEY_NSMainStoryboardFile = Main;
				INFOPLIST_KEY_NSPrincipalClass = NSApplication;
				LD_RUNPATH_SEARCH_PATHS = (
					"$(inherited)",
					"@executable_path/../Frameworks",
				);
				MACOSX_DEPLOYMENT_TARGET = 15.0;
				MARKETING_VERSION = 1.0;
				PRODUCT_BUNDLE_IDENTIFIER = club.cycleruncode.HelpMeSign;
				PRODUCT_NAME = "$(TARGET_NAME)";
				REGISTER_APP_GROUPS = YES;
				SWIFT_EMIT_LOC_STRINGS = YES;
				SWIFT_VERSION = 5.0;
			};
			name = Release;
		};
		E2495BF82E2E6195008E499F /* Debug */ = {
			isa = XCBuildConfiguration;
			buildSettings = {
				BUNDLE_LOADER = "$(TEST_HOST)";
				CODE_SIGN_STYLE = Automatic;
				CURRENT_PROJECT_VERSION = 1;
				DEVELOPMENT_TEAM = 3V7GDR4KDD;
				GENERATE_INFOPLIST_FILE = YES;
				MACOSX_DEPLOYMENT_TARGET = 15.5;
				MARKETING_VERSION = 1.0;
				PRODUCT_BUNDLE_IDENTIFIER = club.cycleruncode.HelpMeSignTests;
				PRODUCT_NAME = "$(TARGET_NAME)";
				SWIFT_EMIT_LOC_STRINGS = NO;
				SWIFT_VERSION = 5.0;
				TEST_HOST = "$(BUILT_PRODUCTS_DIR)/HelpMeSign.app/$(BUNDLE_EXECUTABLE_FOLDER_PATH)/HelpMeSign";
			};
			name = Debug;
		};
		E2495BF92E2E6195008E499F /* Release */ = {
			isa = XCBuildConfiguration;
			buildSettings = {
				BUNDLE_LOADER = "$(TEST_HOST)";
				CODE_SIGN_STYLE = Automatic;
				CURRENT_PROJECT_VERSION = 1;
				DEVELOPMENT_TEAM = 3V7GDR4KDD;
				GENERATE_INFOPLIST_FILE = YES;
				MACOSX_DEPLOYMENT_TARGET = 15.5;
				MARKETING_VERSION = 1.0;
				PRODUCT_BUNDLE_IDENTIFIER = club.cycleruncode.HelpMeSignTests;
				PRODUCT_NAME = "$(TARGET_NAME)";
				SWIFT_EMIT_LOC_STRINGS = NO;
				SWIFT_VERSION = 5.0;
				TEST_HOST = "$(BUILT_PRODUCTS_DIR)/HelpMeSign.app/$(BUNDLE_EXECUTABLE_FOLDER_PATH)/HelpMeSign";
			};
			name = Release;
		};
		E2495BFB2E2E6195008E499F /* Debug */ = {
			isa = XCBuildConfiguration;
			buildSettings = {
				CODE_SIGN_STYLE = Automatic;
				CURRENT_PROJECT_VERSION = 1;
				DEVELOPMENT_TEAM = 3V7GDR4KDD;
				GENERATE_INFOPLIST_FILE = YES;
				MARKETING_VERSION = 1.0;
				PRODUCT_BUNDLE_IDENTIFIER = club.cycleruncode.HelpMeSignUITests;
				PRODUCT_NAME = "$(TARGET_NAME)";
				SWIFT_EMIT_LOC_STRINGS = NO;
				SWIFT_VERSION = 5.0;
				TEST_TARGET_NAME = HelpMeSign;
			};
			name = Debug;
		};
		E2495BFC2E2E6195008E499F /* Release */ = {
			isa = XCBuildConfiguration;
			buildSettings = {
				CODE_SIGN_STYLE = Automatic;
				CURRENT_PROJECT_VERSION = 1;
				DEVELOPMENT_TEAM = 3V7GDR4KDD;
				GENERATE_INFOPLIST_FILE = YES;
				MARKETING_VERSION = 1.0;
				PRODUCT_BUNDLE_IDENTIFIER = club.cycleruncode.HelpMeSignUITests;
				PRODUCT_NAME = "$(TARGET_NAME)";
				SWIFT_EMIT_LOC_STRINGS = NO;
				SWIFT_VERSION = 5.0;
				TEST_TARGET_NAME = HelpMeSign;
			};
			name = Release;
		};
/* End XCBuildConfiguration section */

/* Begin XCConfigurationList section */
		E2495BCA2E2E6194008E499F /* Build configuration list for PBXProject "HelpMeSign" */ = {
			isa = XCConfigurationList;
			buildConfigurations = (
				E2495BF22E2E6195008E499F /* Debug */,
				E2495BF32E2E6195008E499F /* Release */,
			);
			defaultConfigurationIsVisible = 0;
			defaultConfigurationName = Release;
		};
		E2495BF42E2E6195008E499F /* Build configuration list for PBXNativeTarget "HelpMeSign" */ = {
			isa = XCConfigurationList;
			buildConfigurations = (
				E2495BF52E2E6195008E499F /* Debug */,
				E2495BF62E2E6195008E499F /* Release */,
			);
			defaultConfigurationIsVisible = 0;
			defaultConfigurationName = Release;
		};
		E2495BF72E2E6195008E499F /* Build configuration list for PBXNativeTarget "HelpMeSignTests" */ = {
			isa = XCConfigurationList;
			buildConfigurations = (
				E2495BF82E2E6195008E499F /* Debug */,
				E2495BF92E2E6195008E499F /* Release */,
			);
			defaultConfigurationIsVisible = 0;
			defaultConfigurationName = Release;
		};
		E2495BFA2E2E6195008E499F /* Build configuration list for PBXNativeTarget "HelpMeSignUITests" */ = {
			isa = XCConfigurationList;
			buildConfigurations = (
				E2495BFB2E2E6195008E499F /* Debug */,
				E2495BFC2E2E6195008E499F /* Release */,
			);
			defaultConfigurationIsVisible = 0;
			defaultConfigurationName = Release;
		};
/* End XCConfigurationList section */
	};
	rootObject = E2495BC72E2E6194008E499F /* Project object */;
}
